
Microsoft Visual Studio Solution File, Format Version 12.00
# Visual Studio 15
VisualStudioVersion = 15.0.28307.1585
MinimumVisualStudioVersion = 10.0.40219.1
Project("{159641D6-6404-4A2A-AE62-294DE0FE8301}") = "Actions", "Integration Services Project1\Actions.dtproj", "{7DAEBC62-58D1-4C94-AEAD-779CA2F667E4}"
EndProject
Project("{159641D6-6404-4A2A-AE62-294DE0FE8301}") = "Inspections", "Integration Services Project2\Inspections.dtproj", "{14EEBF55-1EA4-42CC-8D88-7DE4ED539369}"
EndProject
Project("{159641D6-6404-4A2A-AE62-294DE0FE8301}") = "Audits", "Integration Services Project3\Audits.dtproj", "{8CD9A032-71D9-4B90-B6FF-D83E5F5239AB}"
EndProject
Project("{159641D6-6404-4A2A-AE62-294DE0FE8301}") = "Hazards", "Integration Services Project4\Hazards.dtproj", "{4F141891-B8D3-40B2-93B2-8C8A528F8A20}"
EndProject
Project("{159641D6-6404-4A2A-AE62-294DE0FE8301}") = "Incidents", "Incidents\Incidents.dtproj", "{886FCB5E-AE5A-4995-96FA-E874D5249EE4}"
EndProject
Project("{159641D6-6404-4A2A-AE62-294DE0FE8301}") = "Injury", "Integration Services Project5\Injury.dtproj", "{489CE532-9130-417A-99D7-F430B85B5208}"
EndProject
Project("{159641D6-6404-4A2A-AE62-294DE0FE8301}") = "Date", "Integration Services Project7\Date.dtproj", "{2733E1DC-AB47-4E13-B93C-231EC358395D}"
EndProject
Project("{159641D6-6404-4A2A-AE62-294DE0FE8301}") = "Time", "Integration Services Project8\Time.dtproj", "{0EEDC16A-684F-4537-86C8-7B9BA5040224}"
EndProject
Project("{159641D6-6404-4A2A-AE62-294DE0FE8301}") = "Geography codes", "Integration Services Project9\Geography codes.dtproj", "{F736AFF8-AEE2-4851-BED8-812B626AD667}"
EndProject
Project("{159641D6-6404-4A2A-AE62-294DE0FE8301}") = "AOD Testing", "Integration Services Project10\AOD Testing.dtproj", "{F0F452FF-4A13-4605-B312-84A7472E9B6A}"
EndProject
Project("{159641D6-6404-4A2A-AE62-294DE0FE8301}") = "Entity", "Entity\Entity.dtproj", "{2C61520F-A5D4-433F-8AEE-7298338662BB}"
EndProject
Project("{159641D6-6404-4A2A-AE62-294DE0FE8301}") = "Person Company - Ref data", "Person\Person Company - Ref data.dtproj", "{3ABC9ED2-C11C-45B0-AD6A-996EC8489637}"
EndProject
Global
	GlobalSection(SolutionConfigurationPlatforms) = preSolution
		Debug|Any CPU = Debug|Any CPU
		Debug|x86 = Debug|x86
		DebugLocal|Any CPU = DebugLocal|Any CPU
		DebugLocal|x86 = DebugLocal|x86
		Development|Any CPU = Development|Any CPU
		Development|x86 = Development|x86
		Release|Any CPU = Release|Any CPU
		Release|x86 = Release|x86
	EndGlobalSection
	GlobalSection(ProjectConfigurationPlatforms) = postSolution
		{7DAEBC62-58D1-4C94-AEAD-779CA2F667E4}.Debug|Any CPU.ActiveCfg = Development
		{7DAEBC62-58D1-4C94-AEAD-779CA2F667E4}.Debug|Any CPU.Build.0 = Development
		{7DAEBC62-58D1-4C94-AEAD-779CA2F667E4}.Debug|x86.ActiveCfg = Development
		{7DAEBC62-58D1-4C94-AEAD-779CA2F667E4}.Debug|x86.Build.0 = Development
		{7DAEBC62-58D1-4C94-AEAD-779CA2F667E4}.DebugLocal|Any CPU.ActiveCfg = Development
		{7DAEBC62-58D1-4C94-AEAD-779CA2F667E4}.DebugLocal|Any CPU.Build.0 = Development
		{7DAEBC62-58D1-4C94-AEAD-779CA2F667E4}.DebugLocal|x86.ActiveCfg = Development
		{7DAEBC62-58D1-4C94-AEAD-779CA2F667E4}.DebugLocal|x86.Build.0 = Development
		{7DAEBC62-58D1-4C94-AEAD-779CA2F667E4}.Development|Any CPU.ActiveCfg = Development
		{7DAEBC62-58D1-4C94-AEAD-779CA2F667E4}.Development|Any CPU.Build.0 = Development
		{7DAEBC62-58D1-4C94-AEAD-779CA2F667E4}.Development|x86.ActiveCfg = Development
		{7DAEBC62-58D1-4C94-AEAD-779CA2F667E4}.Development|x86.Build.0 = Development
		{7DAEBC62-58D1-4C94-AEAD-779CA2F667E4}.Release|Any CPU.ActiveCfg = Development
		{7DAEBC62-58D1-4C94-AEAD-779CA2F667E4}.Release|Any CPU.Build.0 = Development
		{7DAEBC62-58D1-4C94-AEAD-779CA2F667E4}.Release|x86.ActiveCfg = Development
		{7DAEBC62-58D1-4C94-AEAD-779CA2F667E4}.Release|x86.Build.0 = Development
		{14EEBF55-1EA4-42CC-8D88-7DE4ED539369}.Debug|Any CPU.ActiveCfg = Development
		{14EEBF55-1EA4-42CC-8D88-7DE4ED539369}.Debug|Any CPU.Build.0 = Development
		{14EEBF55-1EA4-42CC-8D88-7DE4ED539369}.Debug|x86.ActiveCfg = Development
		{14EEBF55-1EA4-42CC-8D88-7DE4ED539369}.Debug|x86.Build.0 = Development
		{14EEBF55-1EA4-42CC-8D88-7DE4ED539369}.DebugLocal|Any CPU.ActiveCfg = Development
		{14EEBF55-1EA4-42CC-8D88-7DE4ED539369}.DebugLocal|Any CPU.Build.0 = Development
		{14EEBF55-1EA4-42CC-8D88-7DE4ED539369}.DebugLocal|x86.ActiveCfg = Development
		{14EEBF55-1EA4-42CC-8D88-7DE4ED539369}.DebugLocal|x86.Build.0 = Development
		{14EEBF55-1EA4-42CC-8D88-7DE4ED539369}.Development|Any CPU.ActiveCfg = Development
		{14EEBF55-1EA4-42CC-8D88-7DE4ED539369}.Development|Any CPU.Build.0 = Development
		{14EEBF55-1EA4-42CC-8D88-7DE4ED539369}.Development|x86.ActiveCfg = Development
		{14EEBF55-1EA4-42CC-8D88-7DE4ED539369}.Development|x86.Build.0 = Development
		{14EEBF55-1EA4-42CC-8D88-7DE4ED539369}.Release|Any CPU.ActiveCfg = Development
		{14EEBF55-1EA4-42CC-8D88-7DE4ED539369}.Release|Any CPU.Build.0 = Development
		{14EEBF55-1EA4-42CC-8D88-7DE4ED539369}.Release|x86.ActiveCfg = Development
		{14EEBF55-1EA4-42CC-8D88-7DE4ED539369}.Release|x86.Build.0 = Development
		{8CD9A032-71D9-4B90-B6FF-D83E5F5239AB}.Debug|Any CPU.ActiveCfg = Development
		{8CD9A032-71D9-4B90-B6FF-D83E5F5239AB}.Debug|Any CPU.Build.0 = Development
		{8CD9A032-71D9-4B90-B6FF-D83E5F5239AB}.Debug|x86.ActiveCfg = Development
		{8CD9A032-71D9-4B90-B6FF-D83E5F5239AB}.Debug|x86.Build.0 = Development
		{8CD9A032-71D9-4B90-B6FF-D83E5F5239AB}.DebugLocal|Any CPU.ActiveCfg = Development
		{8CD9A032-71D9-4B90-B6FF-D83E5F5239AB}.DebugLocal|Any CPU.Build.0 = Development
		{8CD9A032-71D9-4B90-B6FF-D83E5F5239AB}.DebugLocal|x86.ActiveCfg = Development
		{8CD9A032-71D9-4B90-B6FF-D83E5F5239AB}.DebugLocal|x86.Build.0 = Development
		{8CD9A032-71D9-4B90-B6FF-D83E5F5239AB}.Development|Any CPU.ActiveCfg = Development
		{8CD9A032-71D9-4B90-B6FF-D83E5F5239AB}.Development|Any CPU.Build.0 = Development
		{8CD9A032-71D9-4B90-B6FF-D83E5F5239AB}.Development|x86.ActiveCfg = Development
		{8CD9A032-71D9-4B90-B6FF-D83E5F5239AB}.Development|x86.Build.0 = Development
		{8CD9A032-71D9-4B90-B6FF-D83E5F5239AB}.Release|Any CPU.ActiveCfg = Development
		{8CD9A032-71D9-4B90-B6FF-D83E5F5239AB}.Release|Any CPU.Build.0 = Development
		{8CD9A032-71D9-4B90-B6FF-D83E5F5239AB}.Release|x86.ActiveCfg = Development
		{8CD9A032-71D9-4B90-B6FF-D83E5F5239AB}.Release|x86.Build.0 = Development
		{4F141891-B8D3-40B2-93B2-8C8A528F8A20}.Debug|Any CPU.ActiveCfg = Development
		{4F141891-B8D3-40B2-93B2-8C8A528F8A20}.Debug|Any CPU.Build.0 = Development
		{4F141891-B8D3-40B2-93B2-8C8A528F8A20}.Debug|x86.ActiveCfg = Development
		{4F141891-B8D3-40B2-93B2-8C8A528F8A20}.Debug|x86.Build.0 = Development
		{4F141891-B8D3-40B2-93B2-8C8A528F8A20}.DebugLocal|Any CPU.ActiveCfg = Development
		{4F141891-B8D3-40B2-93B2-8C8A528F8A20}.DebugLocal|Any CPU.Build.0 = Development
		{4F141891-B8D3-40B2-93B2-8C8A528F8A20}.DebugLocal|x86.ActiveCfg = Development
		{4F141891-B8D3-40B2-93B2-8C8A528F8A20}.DebugLocal|x86.Build.0 = Development
		{4F141891-B8D3-40B2-93B2-8C8A528F8A20}.Development|Any CPU.ActiveCfg = Development
		{4F141891-B8D3-40B2-93B2-8C8A528F8A20}.Development|Any CPU.Build.0 = Development
		{4F141891-B8D3-40B2-93B2-8C8A528F8A20}.Development|x86.ActiveCfg = Development
		{4F141891-B8D3-40B2-93B2-8C8A528F8A20}.Development|x86.Build.0 = Development
		{4F141891-B8D3-40B2-93B2-8C8A528F8A20}.Release|Any CPU.ActiveCfg = Development
		{4F141891-B8D3-40B2-93B2-8C8A528F8A20}.Release|Any CPU.Build.0 = Development
		{4F141891-B8D3-40B2-93B2-8C8A528F8A20}.Release|x86.ActiveCfg = Development
		{4F141891-B8D3-40B2-93B2-8C8A528F8A20}.Release|x86.Build.0 = Development
		{886FCB5E-AE5A-4995-96FA-E874D5249EE4}.Debug|Any CPU.ActiveCfg = Development
		{886FCB5E-AE5A-4995-96FA-E874D5249EE4}.Debug|Any CPU.Build.0 = Development
		{886FCB5E-AE5A-4995-96FA-E874D5249EE4}.Debug|x86.ActiveCfg = Development
		{886FCB5E-AE5A-4995-96FA-E874D5249EE4}.Debug|x86.Build.0 = Development
		{886FCB5E-AE5A-4995-96FA-E874D5249EE4}.DebugLocal|Any CPU.ActiveCfg = Development
		{886FCB5E-AE5A-4995-96FA-E874D5249EE4}.DebugLocal|Any CPU.Build.0 = Development
		{886FCB5E-AE5A-4995-96FA-E874D5249EE4}.DebugLocal|x86.ActiveCfg = Development
		{886FCB5E-AE5A-4995-96FA-E874D5249EE4}.DebugLocal|x86.Build.0 = Development
		{886FCB5E-AE5A-4995-96FA-E874D5249EE4}.Development|Any CPU.ActiveCfg = Development
		{886FCB5E-AE5A-4995-96FA-E874D5249EE4}.Development|Any CPU.Build.0 = Development
		{886FCB5E-AE5A-4995-96FA-E874D5249EE4}.Development|x86.ActiveCfg = Development
		{886FCB5E-AE5A-4995-96FA-E874D5249EE4}.Development|x86.Build.0 = Development
		{886FCB5E-AE5A-4995-96FA-E874D5249EE4}.Release|Any CPU.ActiveCfg = Development
		{886FCB5E-AE5A-4995-96FA-E874D5249EE4}.Release|Any CPU.Build.0 = Development
		{886FCB5E-AE5A-4995-96FA-E874D5249EE4}.Release|x86.ActiveCfg = Development
		{886FCB5E-AE5A-4995-96FA-E874D5249EE4}.Release|x86.Build.0 = Development
		{489CE532-9130-417A-99D7-F430B85B5208}.Debug|Any CPU.ActiveCfg = Development
		{489CE532-9130-417A-99D7-F430B85B5208}.Debug|Any CPU.Build.0 = Development
		{489CE532-9130-417A-99D7-F430B85B5208}.Debug|x86.ActiveCfg = Development
		{489CE532-9130-417A-99D7-F430B85B5208}.Debug|x86.Build.0 = Development
		{489CE532-9130-417A-99D7-F430B85B5208}.DebugLocal|Any CPU.ActiveCfg = Development
		{489CE532-9130-417A-99D7-F430B85B5208}.DebugLocal|Any CPU.Build.0 = Development
		{489CE532-9130-417A-99D7-F430B85B5208}.DebugLocal|x86.ActiveCfg = Development
		{489CE532-9130-417A-99D7-F430B85B5208}.DebugLocal|x86.Build.0 = Development
		{489CE532-9130-417A-99D7-F430B85B5208}.Development|Any CPU.ActiveCfg = Development
		{489CE532-9130-417A-99D7-F430B85B5208}.Development|Any CPU.Build.0 = Development
		{489CE532-9130-417A-99D7-F430B85B5208}.Development|x86.ActiveCfg = Development
		{489CE532-9130-417A-99D7-F430B85B5208}.Development|x86.Build.0 = Development
		{489CE532-9130-417A-99D7-F430B85B5208}.Release|Any CPU.ActiveCfg = Development
		{489CE532-9130-417A-99D7-F430B85B5208}.Release|Any CPU.Build.0 = Development
		{489CE532-9130-417A-99D7-F430B85B5208}.Release|x86.ActiveCfg = Development
		{489CE532-9130-417A-99D7-F430B85B5208}.Release|x86.Build.0 = Development
		{2733E1DC-AB47-4E13-B93C-231EC358395D}.Debug|Any CPU.ActiveCfg = Development
		{2733E1DC-AB47-4E13-B93C-231EC358395D}.Debug|Any CPU.Build.0 = Development
		{2733E1DC-AB47-4E13-B93C-231EC358395D}.Debug|x86.ActiveCfg = Development
		{2733E1DC-AB47-4E13-B93C-231EC358395D}.Debug|x86.Build.0 = Development
		{2733E1DC-AB47-4E13-B93C-231EC358395D}.DebugLocal|Any CPU.ActiveCfg = Development
		{2733E1DC-AB47-4E13-B93C-231EC358395D}.DebugLocal|Any CPU.Build.0 = Development
		{2733E1DC-AB47-4E13-B93C-231EC358395D}.DebugLocal|x86.ActiveCfg = Development
		{2733E1DC-AB47-4E13-B93C-231EC358395D}.DebugLocal|x86.Build.0 = Development
		{2733E1DC-AB47-4E13-B93C-231EC358395D}.Development|Any CPU.ActiveCfg = Development
		{2733E1DC-AB47-4E13-B93C-231EC358395D}.Development|Any CPU.Build.0 = Development
		{2733E1DC-AB47-4E13-B93C-231EC358395D}.Development|x86.ActiveCfg = Development
		{2733E1DC-AB47-4E13-B93C-231EC358395D}.Development|x86.Build.0 = Development
		{2733E1DC-AB47-4E13-B93C-231EC358395D}.Release|Any CPU.ActiveCfg = Development
		{2733E1DC-AB47-4E13-B93C-231EC358395D}.Release|Any CPU.Build.0 = Development
		{2733E1DC-AB47-4E13-B93C-231EC358395D}.Release|x86.ActiveCfg = Development
		{2733E1DC-AB47-4E13-B93C-231EC358395D}.Release|x86.Build.0 = Development
		{0EEDC16A-684F-4537-86C8-7B9BA5040224}.Debug|Any CPU.ActiveCfg = Development
		{0EEDC16A-684F-4537-86C8-7B9BA5040224}.Debug|Any CPU.Build.0 = Development
		{0EEDC16A-684F-4537-86C8-7B9BA5040224}.Debug|x86.ActiveCfg = Development
		{0EEDC16A-684F-4537-86C8-7B9BA5040224}.Debug|x86.Build.0 = Development
		{0EEDC16A-684F-4537-86C8-7B9BA5040224}.DebugLocal|Any CPU.ActiveCfg = Development
		{0EEDC16A-684F-4537-86C8-7B9BA5040224}.DebugLocal|Any CPU.Build.0 = Development
		{0EEDC16A-684F-4537-86C8-7B9BA5040224}.DebugLocal|x86.ActiveCfg = Development
		{0EEDC16A-684F-4537-86C8-7B9BA5040224}.DebugLocal|x86.Build.0 = Development
		{0EEDC16A-684F-4537-86C8-7B9BA5040224}.Development|Any CPU.ActiveCfg = Development
		{0EEDC16A-684F-4537-86C8-7B9BA5040224}.Development|Any CPU.Build.0 = Development
		{0EEDC16A-684F-4537-86C8-7B9BA5040224}.Development|x86.ActiveCfg = Development
		{0EEDC16A-684F-4537-86C8-7B9BA5040224}.Development|x86.Build.0 = Development
		{0EEDC16A-684F-4537-86C8-7B9BA5040224}.Release|Any CPU.ActiveCfg = Development
		{0EEDC16A-684F-4537-86C8-7B9BA5040224}.Release|Any CPU.Build.0 = Development
		{0EEDC16A-684F-4537-86C8-7B9BA5040224}.Release|x86.ActiveCfg = Development
		{0EEDC16A-684F-4537-86C8-7B9BA5040224}.Release|x86.Build.0 = Development
		{F736AFF8-AEE2-4851-BED8-812B626AD667}.Debug|Any CPU.ActiveCfg = Development
		{F736AFF8-AEE2-4851-BED8-812B626AD667}.Debug|Any CPU.Build.0 = Development
		{F736AFF8-AEE2-4851-BED8-812B626AD667}.Debug|x86.ActiveCfg = Development
		{F736AFF8-AEE2-4851-BED8-812B626AD667}.Debug|x86.Build.0 = Development
		{F736AFF8-AEE2-4851-BED8-812B626AD667}.DebugLocal|Any CPU.ActiveCfg = Development
		{F736AFF8-AEE2-4851-BED8-812B626AD667}.DebugLocal|Any CPU.Build.0 = Development
		{F736AFF8-AEE2-4851-BED8-812B626AD667}.DebugLocal|x86.ActiveCfg = Development
		{F736AFF8-AEE2-4851-BED8-812B626AD667}.DebugLocal|x86.Build.0 = Development
		{F736AFF8-AEE2-4851-BED8-812B626AD667}.Development|Any CPU.ActiveCfg = Development
		{F736AFF8-AEE2-4851-BED8-812B626AD667}.Development|Any CPU.Build.0 = Development
		{F736AFF8-AEE2-4851-BED8-812B626AD667}.Development|x86.ActiveCfg = Development
		{F736AFF8-AEE2-4851-BED8-812B626AD667}.Development|x86.Build.0 = Development
		{F736AFF8-AEE2-4851-BED8-812B626AD667}.Release|Any CPU.ActiveCfg = Development
		{F736AFF8-AEE2-4851-BED8-812B626AD667}.Release|Any CPU.Build.0 = Development
		{F736AFF8-AEE2-4851-BED8-812B626AD667}.Release|x86.ActiveCfg = Development
		{F736AFF8-AEE2-4851-BED8-812B626AD667}.Release|x86.Build.0 = Development
		{F0F452FF-4A13-4605-B312-84A7472E9B6A}.Debug|Any CPU.ActiveCfg = Development
		{F0F452FF-4A13-4605-B312-84A7472E9B6A}.Debug|Any CPU.Build.0 = Development
		{F0F452FF-4A13-4605-B312-84A7472E9B6A}.Debug|x86.ActiveCfg = Development
		{F0F452FF-4A13-4605-B312-84A7472E9B6A}.Debug|x86.Build.0 = Development
		{F0F452FF-4A13-4605-B312-84A7472E9B6A}.DebugLocal|Any CPU.ActiveCfg = Development
		{F0F452FF-4A13-4605-B312-84A7472E9B6A}.DebugLocal|Any CPU.Build.0 = Development
		{F0F452FF-4A13-4605-B312-84A7472E9B6A}.DebugLocal|x86.ActiveCfg = Development
		{F0F452FF-4A13-4605-B312-84A7472E9B6A}.DebugLocal|x86.Build.0 = Development
		{F0F452FF-4A13-4605-B312-84A7472E9B6A}.Development|Any CPU.ActiveCfg = Development
		{F0F452FF-4A13-4605-B312-84A7472E9B6A}.Development|Any CPU.Build.0 = Development
		{F0F452FF-4A13-4605-B312-84A7472E9B6A}.Development|x86.ActiveCfg = Development
		{F0F452FF-4A13-4605-B312-84A7472E9B6A}.Development|x86.Build.0 = Development
		{F0F452FF-4A13-4605-B312-84A7472E9B6A}.Release|Any CPU.ActiveCfg = Development
		{F0F452FF-4A13-4605-B312-84A7472E9B6A}.Release|Any CPU.Build.0 = Development
		{F0F452FF-4A13-4605-B312-84A7472E9B6A}.Release|x86.ActiveCfg = Development
		{F0F452FF-4A13-4605-B312-84A7472E9B6A}.Release|x86.Build.0 = Development
		{2C61520F-A5D4-433F-8AEE-7298338662BB}.Debug|Any CPU.ActiveCfg = Development
		{2C61520F-A5D4-433F-8AEE-7298338662BB}.Debug|Any CPU.Build.0 = Development
		{2C61520F-A5D4-433F-8AEE-7298338662BB}.Debug|x86.ActiveCfg = Development
		{2C61520F-A5D4-433F-8AEE-7298338662BB}.Debug|x86.Build.0 = Development
		{2C61520F-A5D4-433F-8AEE-7298338662BB}.DebugLocal|Any CPU.ActiveCfg = Development
		{2C61520F-A5D4-433F-8AEE-7298338662BB}.DebugLocal|Any CPU.Build.0 = Development
		{2C61520F-A5D4-433F-8AEE-7298338662BB}.DebugLocal|x86.ActiveCfg = Development
		{2C61520F-A5D4-433F-8AEE-7298338662BB}.DebugLocal|x86.Build.0 = Development
		{2C61520F-A5D4-433F-8AEE-7298338662BB}.Development|Any CPU.ActiveCfg = Development
		{2C61520F-A5D4-433F-8AEE-7298338662BB}.Development|Any CPU.Build.0 = Development
		{2C61520F-A5D4-433F-8AEE-7298338662BB}.Development|x86.ActiveCfg = Development
		{2C61520F-A5D4-433F-8AEE-7298338662BB}.Development|x86.Build.0 = Development
		{2C61520F-A5D4-433F-8AEE-7298338662BB}.Release|Any CPU.ActiveCfg = Development
		{2C61520F-A5D4-433F-8AEE-7298338662BB}.Release|Any CPU.Build.0 = Development
		{2C61520F-A5D4-433F-8AEE-7298338662BB}.Release|x86.ActiveCfg = Development
		{2C61520F-A5D4-433F-8AEE-7298338662BB}.Release|x86.Build.0 = Development
		{3ABC9ED2-C11C-45B0-AD6A-996EC8489637}.Debug|Any CPU.ActiveCfg = Development
		{3ABC9ED2-C11C-45B0-AD6A-996EC8489637}.Debug|Any CPU.Build.0 = Development
		{3ABC9ED2-C11C-45B0-AD6A-996EC8489637}.Debug|x86.ActiveCfg = Development
		{3ABC9ED2-C11C-45B0-AD6A-996EC8489637}.Debug|x86.Build.0 = Development
		{3ABC9ED2-C11C-45B0-AD6A-996EC8489637}.DebugLocal|Any CPU.ActiveCfg = Development
		{3ABC9ED2-C11C-45B0-AD6A-996EC8489637}.DebugLocal|Any CPU.Build.0 = Development
		{3ABC9ED2-C11C-45B0-AD6A-996EC8489637}.DebugLocal|x86.ActiveCfg = Development
		{3ABC9ED2-C11C-45B0-AD6A-996EC8489637}.DebugLocal|x86.Build.0 = Development
		{3ABC9ED2-C11C-45B0-AD6A-996EC8489637}.Development|Any CPU.ActiveCfg = Development
		{3ABC9ED2-C11C-45B0-AD6A-996EC8489637}.Development|Any CPU.Build.0 = Development
		{3ABC9ED2-C11C-45B0-AD6A-996EC8489637}.Development|x86.ActiveCfg = Development
		{3ABC9ED2-C11C-45B0-AD6A-996EC8489637}.Development|x86.Build.0 = Development
		{3ABC9ED2-C11C-45B0-AD6A-996EC8489637}.Release|Any CPU.ActiveCfg = Development
		{3ABC9ED2-C11C-45B0-AD6A-996EC8489637}.Release|Any CPU.Build.0 = Development
		{3ABC9ED2-C11C-45B0-AD6A-996EC8489637}.Release|x86.ActiveCfg = Development
		{3ABC9ED2-C11C-45B0-AD6A-996EC8489637}.Release|x86.Build.0 = Development
	EndGlobalSection
	GlobalSection(SolutionProperties) = preSolution
		HideSolutionNode = FALSE
	EndGlobalSection
	GlobalSection(ExtensibilityGlobals) = postSolution
		SolutionGuid = {D99D81EE-D8E6-4AF3-8FD0-AD499FB7AB33}
	EndGlobalSection
EndGlobal
