
Microsoft Visual Studio Solution File, Format Version 12.00
# Visual Studio 15
VisualStudioVersion = 15.0.28307.1585
MinimumVisualStudioVersion = 10.0.40219.1
Project("{159641D6-6404-4A2A-AE62-294DE0FE8301}") = "Actions", "Integration Services Project1\Actions.dtproj", "{7DAEBC62-58D1-4C94-AEAD-779CA2F667E4}"
EndProject
Project("{159641D6-6404-4A2A-AE62-294DE0FE8301}") = "Inspections", "Integration Services Project2\Inspections.dtproj", "{14EEBF55-1EA4-42CC-8D88-7DE4ED539369}"
EndProject
Project("{159641D6-6404-4A2A-AE62-294DE0FE8301}") = "Audits", "Integration Services Project3\Audits.dtproj", "{8CD9A032-71D9-4B90-B6FF-D83E5F5239AB}"
EndProject
Project("{159641D6-6404-4A2A-AE62-294DE0FE8301}") = "Hazards", "Integration Services Project4\Hazards.dtproj", "{4F141891-B8D3-40B2-93B2-8C8A528F8A20}"
EndProject
Project("{159641D6-6404-4A2A-AE62-294DE0FE8301}") = "Injury", "Integration Services Project6\Injury.dtproj", "{49D451A1-ED1E-4FD8-89D5-00309AD9296B}"
EndProject
Global
	GlobalSection(SolutionConfigurationPlatforms) = preSolution
		Debug|Any CPU = Debug|Any CPU
		Debug|x86 = Debug|x86
		DebugLocal|Any CPU = DebugLocal|Any CPU
		DebugLocal|x86 = DebugLocal|x86
		Development|Any CPU = Development|Any CPU
		Development|x86 = Development|x86
		Release|Any CPU = Release|Any CPU
		Release|x86 = Release|x86
	EndGlobalSection
	GlobalSection(ProjectConfigurationPlatforms) = postSolution
		{7DAEBC62-58D1-4C94-AEAD-779CA2F667E4}.Debug|Any CPU.ActiveCfg = Development
		{7DAEBC62-58D1-4C94-AEAD-779CA2F667E4}.Debug|Any CPU.Build.0 = Development
		{7DAEBC62-58D1-4C94-AEAD-779CA2F667E4}.Debug|x86.ActiveCfg = Development
		{7DAEBC62-58D1-4C94-AEAD-779CA2F667E4}.Debug|x86.Build.0 = Development
		{7DAEBC62-58D1-4C94-AEAD-779CA2F667E4}.DebugLocal|Any CPU.ActiveCfg = Development
		{7DAEBC62-58D1-4C94-AEAD-779CA2F667E4}.DebugLocal|Any CPU.Build.0 = Development
		{7DAEBC62-58D1-4C94-AEAD-779CA2F667E4}.DebugLocal|x86.ActiveCfg = Development
		{7DAEBC62-58D1-4C94-AEAD-779CA2F667E4}.DebugLocal|x86.Build.0 = Development
		{7DAEBC62-58D1-4C94-AEAD-779CA2F667E4}.Development|Any CPU.ActiveCfg = Development
		{7DAEBC62-58D1-4C94-AEAD-779CA2F667E4}.Development|Any CPU.Build.0 = Development
		{7DAEBC62-58D1-4C94-AEAD-779CA2F667E4}.Development|x86.ActiveCfg = Development
		{7DAEBC62-58D1-4C94-AEAD-779CA2F667E4}.Development|x86.Build.0 = Development
		{7DAEBC62-58D1-4C94-AEAD-779CA2F667E4}.Release|Any CPU.ActiveCfg = Development
		{7DAEBC62-58D1-4C94-AEAD-779CA2F667E4}.Release|Any CPU.Build.0 = Development
		{7DAEBC62-58D1-4C94-AEAD-779CA2F667E4}.Release|x86.ActiveCfg = Development
		{7DAEBC62-58D1-4C94-AEAD-779CA2F667E4}.Release|x86.Build.0 = Development
		{14EEBF55-1EA4-42CC-8D88-7DE4ED539369}.Debug|Any CPU.ActiveCfg = Development
		{14EEBF55-1EA4-42CC-8D88-7DE4ED539369}.Debug|Any CPU.Build.0 = Development
		{14EEBF55-1EA4-42CC-8D88-7DE4ED539369}.Debug|x86.ActiveCfg = Development
		{14EEBF55-1EA4-42CC-8D88-7DE4ED539369}.Debug|x86.Build.0 = Development
		{14EEBF55-1EA4-42CC-8D88-7DE4ED539369}.DebugLocal|Any CPU.ActiveCfg = Development
		{14EEBF55-1EA4-42CC-8D88-7DE4ED539369}.DebugLocal|Any CPU.Build.0 = Development
		{14EEBF55-1EA4-42CC-8D88-7DE4ED539369}.DebugLocal|x86.ActiveCfg = Development
		{14EEBF55-1EA4-42CC-8D88-7DE4ED539369}.DebugLocal|x86.Build.0 = Development
		{14EEBF55-1EA4-42CC-8D88-7DE4ED539369}.Development|Any CPU.ActiveCfg = Development
		{14EEBF55-1EA4-42CC-8D88-7DE4ED539369}.Development|Any CPU.Build.0 = Development
		{14EEBF55-1EA4-42CC-8D88-7DE4ED539369}.Development|x86.ActiveCfg = Development
		{14EEBF55-1EA4-42CC-8D88-7DE4ED539369}.Development|x86.Build.0 = Development
		{14EEBF55-1EA4-42CC-8D88-7DE4ED539369}.Release|Any CPU.ActiveCfg = Development
		{14EEBF55-1EA4-42CC-8D88-7DE4ED539369}.Release|Any CPU.Build.0 = Development
		{14EEBF55-1EA4-42CC-8D88-7DE4ED539369}.Release|x86.ActiveCfg = Development
		{14EEBF55-1EA4-42CC-8D88-7DE4ED539369}.Release|x86.Build.0 = Development
		{8CD9A032-71D9-4B90-B6FF-D83E5F5239AB}.Debug|Any CPU.ActiveCfg = Development
		{8CD9A032-71D9-4B90-B6FF-D83E5F5239AB}.Debug|Any CPU.Build.0 = Development
		{8CD9A032-71D9-4B90-B6FF-D83E5F5239AB}.Debug|x86.ActiveCfg = Development
		{8CD9A032-71D9-4B90-B6FF-D83E5F5239AB}.Debug|x86.Build.0 = Development
		{8CD9A032-71D9-4B90-B6FF-D83E5F5239AB}.DebugLocal|Any CPU.ActiveCfg = Development
		{8CD9A032-71D9-4B90-B6FF-D83E5F5239AB}.DebugLocal|Any CPU.Build.0 = Development
		{8CD9A032-71D9-4B90-B6FF-D83E5F5239AB}.DebugLocal|x86.ActiveCfg = Development
		{8CD9A032-71D9-4B90-B6FF-D83E5F5239AB}.DebugLocal|x86.Build.0 = Development
		{8CD9A032-71D9-4B90-B6FF-D83E5F5239AB}.Development|Any CPU.ActiveCfg = Development
		{8CD9A032-71D9-4B90-B6FF-D83E5F5239AB}.Development|Any CPU.Build.0 = Development
		{8CD9A032-71D9-4B90-B6FF-D83E5F5239AB}.Development|x86.ActiveCfg = Development
		{8CD9A032-71D9-4B90-B6FF-D83E5F5239AB}.Development|x86.Build.0 = Development
		{8CD9A032-71D9-4B90-B6FF-D83E5F5239AB}.Release|Any CPU.ActiveCfg = Development
		{8CD9A032-71D9-4B90-B6FF-D83E5F5239AB}.Release|Any CPU.Build.0 = Development
		{8CD9A032-71D9-4B90-B6FF-D83E5F5239AB}.Release|x86.ActiveCfg = Development
		{8CD9A032-71D9-4B90-B6FF-D83E5F5239AB}.Release|x86.Build.0 = Development
		{4F141891-B8D3-40B2-93B2-8C8A528F8A20}.Debug|Any CPU.ActiveCfg = Development
		{4F141891-B8D3-40B2-93B2-8C8A528F8A20}.Debug|Any CPU.Build.0 = Development
		{4F141891-B8D3-40B2-93B2-8C8A528F8A20}.Debug|x86.ActiveCfg = Development
		{4F141891-B8D3-40B2-93B2-8C8A528F8A20}.Debug|x86.Build.0 = Development
		{4F141891-B8D3-40B2-93B2-8C8A528F8A20}.DebugLocal|Any CPU.ActiveCfg = Development
		{4F141891-B8D3-40B2-93B2-8C8A528F8A20}.DebugLocal|Any CPU.Build.0 = Development
		{4F141891-B8D3-40B2-93B2-8C8A528F8A20}.DebugLocal|x86.ActiveCfg = Development
		{4F141891-B8D3-40B2-93B2-8C8A528F8A20}.DebugLocal|x86.Build.0 = Development
		{4F141891-B8D3-40B2-93B2-8C8A528F8A20}.Development|Any CPU.ActiveCfg = Development
		{4F141891-B8D3-40B2-93B2-8C8A528F8A20}.Development|Any CPU.Build.0 = Development
		{4F141891-B8D3-40B2-93B2-8C8A528F8A20}.Development|x86.ActiveCfg = Development
		{4F141891-B8D3-40B2-93B2-8C8A528F8A20}.Development|x86.Build.0 = Development
		{4F141891-B8D3-40B2-93B2-8C8A528F8A20}.Release|Any CPU.ActiveCfg = Development
		{4F141891-B8D3-40B2-93B2-8C8A528F8A20}.Release|Any CPU.Build.0 = Development
		{4F141891-B8D3-40B2-93B2-8C8A528F8A20}.Release|x86.ActiveCfg = Development
		{4F141891-B8D3-40B2-93B2-8C8A528F8A20}.Release|x86.Build.0 = Development
		{49D451A1-ED1E-4FD8-89D5-00309AD9296B}.Debug|Any CPU.ActiveCfg = Development
		{49D451A1-ED1E-4FD8-89D5-00309AD9296B}.Debug|Any CPU.Build.0 = Development
		{49D451A1-ED1E-4FD8-89D5-00309AD9296B}.Debug|x86.ActiveCfg = Development
		{49D451A1-ED1E-4FD8-89D5-00309AD9296B}.Debug|x86.Build.0 = Development
		{49D451A1-ED1E-4FD8-89D5-00309AD9296B}.DebugLocal|Any CPU.ActiveCfg = Development
		{49D451A1-ED1E-4FD8-89D5-00309AD9296B}.DebugLocal|Any CPU.Build.0 = Development
		{49D451A1-ED1E-4FD8-89D5-00309AD9296B}.DebugLocal|x86.ActiveCfg = Development
		{49D451A1-ED1E-4FD8-89D5-00309AD9296B}.DebugLocal|x86.Build.0 = Development
		{49D451A1-ED1E-4FD8-89D5-00309AD9296B}.Development|Any CPU.ActiveCfg = Development
		{49D451A1-ED1E-4FD8-89D5-00309AD9296B}.Development|Any CPU.Build.0 = Development
		{49D451A1-ED1E-4FD8-89D5-00309AD9296B}.Development|x86.ActiveCfg = Development
		{49D451A1-ED1E-4FD8-89D5-00309AD9296B}.Development|x86.Build.0 = Development
		{49D451A1-ED1E-4FD8-89D5-00309AD9296B}.Release|Any CPU.ActiveCfg = Development
		{49D451A1-ED1E-4FD8-89D5-00309AD9296B}.Release|Any CPU.Build.0 = Development
		{49D451A1-ED1E-4FD8-89D5-00309AD9296B}.Release|x86.ActiveCfg = Development
		{49D451A1-ED1E-4FD8-89D5-00309AD9296B}.Release|x86.Build.0 = Development
	EndGlobalSection
	GlobalSection(SolutionProperties) = preSolution
		HideSolutionNode = FALSE
	EndGlobalSection
	GlobalSection(ExtensibilityGlobals) = postSolution
		SolutionGuid = {D99D81EE-D8E6-4AF3-8FD0-AD499FB7AB33}
	EndGlobalSection
EndGlobal
